// !$*UTF8*$!
{
	archiveVersion = 1;
	classes = {
	};
	objectVersion = 56;
	objects = {

/* Begin PBXBuildFile section */
		3E1755372AD6E318008A66E5 /* AppDelegate.swift in Sources */ = {isa = PBXBuildFile; fileRef = 3E1755362AD6E318008A66E5 /* AppDelegate.swift */; };
		3E1755392AD6E318008A66E5 /* SceneDelegate.swift in Sources */ = {isa = PBXBuildFile; fileRef = 3E1755382AD6E318008A66E5 /* SceneDelegate.swift */; };
		3E17553B2AD6E318008A66E5 /* ViewController.swift in Sources */ = {isa = PBXBuildFile; fileRef = 3E17553A2AD6E318008A66E5 /* ViewController.swift */; };
		3E17553E2AD6E318008A66E5 /* Main.storyboard in Resources */ = {isa = PBXBuildFile; fileRef = 3E17553C2AD6E318008A66E5 /* Main.storyboard */; };
		3E1755432AD6E319008A66E5 /* LaunchScreen.storyboard in Resources */ = {isa = PBXBuildFile; fileRef = 3E1755412AD6E319008A66E5 /* LaunchScreen.storyboard */; };
		3E46844F2AE9803700209169 /* SecretViewController2.swift in Sources */ = {isa = PBXBuildFile; fileRef = 3E46844E2AE9803700209169 /* SecretViewController2.swift */; };
		3E54438B2AE7FDE100281D3A /* LoseViewController.swift in Sources */ = {isa = PBXBuildFile; fileRef = 3E54438A2AE7FDE100281D3A /* LoseViewController.swift */; };
		3E5CA6042AEAAC1000C32F72 /* secretMusic.wav in Resources */ = {isa = PBXBuildFile; fileRef = 3E5CA6032AEAAC1000C32F72 /* secretMusic.wav */; };
		3E5CA6062AEAAF3600C32F72 /* rainbowArt.gif in Resources */ = {isa = PBXBuildFile; fileRef = 3E5CA6052AEAAF3600C32F72 /* rainbowArt.gif */; };
		3E6928112AE169E900B7D692 /* PlaySound 2.swift in Sources */ = {isa = PBXBuildFile; fileRef = 3E6928102AE169E900B7D692 /* PlaySound 2.swift */; };
		3E6928132AE16AB300B7D692 /* gameMusic.wav in Resources */ = {isa = PBXBuildFile; fileRef = 3E6928122AE16AB300B7D692 /* gameMusic.wav */; };
		3E6928172AE16DE000B7D692 /* winSound.wav in Resources */ = {isa = PBXBuildFile; fileRef = 3E6928162AE16DE000B7D692 /* winSound.wav */; };
		3E6928192AE16EE400B7D692 /* loseSound.wav in Resources */ = {isa = PBXBuildFile; fileRef = 3E6928182AE16EE400B7D692 /* loseSound.wav */; };
		3E69281B2AE1720200B7D692 /* pixelArt.gif in Resources */ = {isa = PBXBuildFile; fileRef = 3E69281A2AE1720200B7D692 /* pixelArt.gif */; };
		3E69281D2AE1727B00B7D692 /* Gif.swift in Sources */ = {isa = PBXBuildFile; fileRef = 3E69281C2AE1727B00B7D692 /* Gif.swift */; };
		3ECCF8302AE94DEC0099A857 /* WinViewController.swift in Sources */ = {isa = PBXBuildFile; fileRef = 3ECCF82F2AE94DEC0099A857 /* WinViewController.swift */; };
		3ECCF8322AE94E690099A857 /* winningTime.gif in Resources */ = {isa = PBXBuildFile; fileRef = 3ECCF8312AE94E690099A857 /* winningTime.gif */; };
		3EFDA2422AEBE5340029C7F8 /* Assets.xcassets in Resources */ = {isa = PBXBuildFile; fileRef = 3EFDA2412AEBE5340029C7F8 /* Assets.xcassets */; };
/* End PBXBuildFile section */

/* Begin PBXFileReference section */
		3E1755332AD6E318008A66E5 /* DotReactionApp.app */ = {isa = PBXFileReference; explicitFileType = wrapper.application; includeInIndex = 0; path = DotReactionApp.app; sourceTree = BUILT_PRODUCTS_DIR; };
		3E1755362AD6E318008A66E5 /* AppDelegate.swift */ = {isa = PBXFileReference; lastKnownFileType = sourcecode.swift; path = AppDelegate.swift; sourceTree = "<group>"; };
		3E1755382AD6E318008A66E5 /* SceneDelegate.swift */ = {isa = PBXFileReference; lastKnownFileType = sourcecode.swift; path = SceneDelegate.swift; sourceTree = "<group>"; };
		3E17553A2AD6E318008A66E5 /* ViewController.swift */ = {isa = PBXFileReference; lastKnownFileType = sourcecode.swift; path = ViewController.swift; sourceTree = "<group>"; };
		3E17553D2AD6E318008A66E5 /* Base */ = {isa = PBXFileReference; lastKnownFileType = file.storyboard; name = Base; path = Base.lproj/Main.storyboard; sourceTree = "<group>"; };
		3E1755422AD6E319008A66E5 /* Base */ = {isa = PBXFileReference; lastKnownFileType = file.storyboard; name = Base; path = Base.lproj/LaunchScreen.storyboard; sourceTree = "<group>"; };
		3E1755442AD6E319008A66E5 /* Info.plist */ = {isa = PBXFileReference; lastKnownFileType = text.plist.xml; path = Info.plist; sourceTree = "<group>"; };
		3E46844E2AE9803700209169 /* SecretViewController2.swift */ = {isa = PBXFileReference; lastKnownFileType = sourcecode.swift; path = SecretViewController2.swift; sourceTree = "<group>"; };
		3E54438A2AE7FDE100281D3A /* LoseViewController.swift */ = {isa = PBXFileReference; lastKnownFileType = sourcecode.swift; path = LoseViewController.swift; sourceTree = "<group>"; };
		3E5CA6032AEAAC1000C32F72 /* secretMusic.wav */ = {isa = PBXFileReference; lastKnownFileType = audio.wav; path = secretMusic.wav; sourceTree = "<group>"; };
		3E5CA6052AEAAF3600C32F72 /* rainbowArt.gif */ = {isa = PBXFileReference; lastKnownFileType = image.gif; path = rainbowArt.gif; sourceTree = "<group>"; };
		3E6928102AE169E900B7D692 /* PlaySound 2.swift */ = {isa = PBXFileReference; fileEncoding = 4; lastKnownFileType = sourcecode.swift; path = "PlaySound 2.swift"; sourceTree = "<group>"; };
		3E6928122AE16AB300B7D692 /* gameMusic.wav */ = {isa = PBXFileReference; lastKnownFileType = audio.wav; path = gameMusic.wav; sourceTree = "<group>"; };
		3E6928162AE16DE000B7D692 /* winSound.wav */ = {isa = PBXFileReference; lastKnownFileType = audio.wav; path = winSound.wav; sourceTree = "<group>"; };
		3E6928182AE16EE400B7D692 /* loseSound.wav */ = {isa = PBXFileReference; lastKnownFileType = audio.wav; path = loseSound.wav; sourceTree = "<group>"; };
		3E69281A2AE1720200B7D692 /* pixelArt.gif */ = {isa = PBXFileReference; lastKnownFileType = image.gif; path = pixelArt.gif; sourceTree = "<group>"; };
		3E69281C2AE1727B00B7D692 /* Gif.swift */ = {isa = PBXFileReference; fileEncoding = 4; lastKnownFileType = sourcecode.swift; path = Gif.swift; sourceTree = "<group>"; };
		3ECCF82F2AE94DEC0099A857 /* WinViewController.swift */ = {isa = PBXFileReference; lastKnownFileType = sourcecode.swift; path = WinViewController.swift; sourceTree = "<group>"; };
		3ECCF8312AE94E690099A857 /* winningTime.gif */ = {isa = PBXFileReference; lastKnownFileType = image.gif; path = winningTime.gif; sourceTree = "<group>"; };
		3EFDA2412AEBE5340029C7F8 /* Assets.xcassets */ = {isa = PBXFileReference; lastKnownFileType = folder.assetcatalog; path = Assets.xcassets; sourceTree = "<group>"; };
/* End PBXFileReference section */

/* Begin PBXFrameworksBuildPhase section */
		3E1755302AD6E318008A66E5 /* Frameworks */ = {
			isa = PBXFrameworksBuildPhase;
			buildActionMask = 2147483647;
			files = (
			);
			runOnlyForDeploymentPostprocessing = 0;
		};
/* End PBXFrameworksBuildPhase section */

/* Begin PBXGroup section */
		3E17552A2AD6E318008A66E5 = {
			isa = PBXGroup;
			children = (
				3E1755352AD6E318008A66E5 /* DotReactionApp */,
				3E1755342AD6E318008A66E5 /* Products */,
			);
			sourceTree = "<group>";
		};
		3E1755342AD6E318008A66E5 /* Products */ = {
			isa = PBXGroup;
			children = (
				3E1755332AD6E318008A66E5 /* DotReactionApp.app */,
			);
			name = Products;
			sourceTree = "<group>";
		};
		3E1755352AD6E318008A66E5 /* DotReactionApp */ = {
			isa = PBXGroup;
			children = (
				3E69281C2AE1727B00B7D692 /* Gif.swift */,
				3E1755362AD6E318008A66E5 /* AppDelegate.swift */,
				3E1755382AD6E318008A66E5 /* SceneDelegate.swift */,
				3E17553A2AD6E318008A66E5 /* ViewController.swift */,
				3E54438A2AE7FDE100281D3A /* LoseViewController.swift */,
				3ECCF82F2AE94DEC0099A857 /* WinViewController.swift */,
				3E46844E2AE9803700209169 /* SecretViewController2.swift */,
				3E6928102AE169E900B7D692 /* PlaySound 2.swift */,
				3E17553C2AD6E318008A66E5 /* Main.storyboard */,
				3EFDA2412AEBE5340029C7F8 /* Assets.xcassets */,
				3E69281A2AE1720200B7D692 /* pixelArt.gif */,
				3ECCF8312AE94E690099A857 /* winningTime.gif */,
				3E5CA6052AEAAF3600C32F72 /* rainbowArt.gif */,
				3E5CA6032AEAAC1000C32F72 /* secretMusic.wav */,
				3E6928122AE16AB300B7D692 /* gameMusic.wav */,
				3E6928162AE16DE000B7D692 /* winSound.wav */,
				3E6928182AE16EE400B7D692 /* loseSound.wav */,
				3E1755412AD6E319008A66E5 /* LaunchScreen.storyboard */,
				3E1755442AD6E319008A66E5 /* Info.plist */,
			);
			path = DotReactionApp;
			sourceTree = "<group>";
		};
/* End PBXGroup section */

/* Begin PBXNativeTarget section */
		3E1755322AD6E318008A66E5 /* DotReactionApp */ = {
			isa = PBXNativeTarget;
			buildConfigurationList = 3E1755472AD6E319008A66E5 /* Build configuration list for PBXNativeTarget "DotReactionApp" */;
			buildPhases = (
				3E17552F2AD6E318008A66E5 /* Sources */,
				3E1755302AD6E318008A66E5 /* Frameworks */,
				3E1755312AD6E318008A66E5 /* Resources */,
			);
			buildRules = (
			);
			dependencies = (
			);
			name = DotReactionApp;
			productName = DotReactionApp;
			productReference = 3E1755332AD6E318008A66E5 /* DotReactionApp.app */;
			productType = "com.apple.product-type.application";
		};
/* End PBXNativeTarget section */

/* Begin PBXProject section */
		3E17552B2AD6E318008A66E5 /* Project object */ = {
			isa = PBXProject;
			attributes = {
				BuildIndependentTargetsInParallel = 1;
				LastSwiftUpdateCheck = 1500;
				LastUpgradeCheck = 1500;
				TargetAttributes = {
					3E1755322AD6E318008A66E5 = {
						CreatedOnToolsVersion = 15.0;
					};
				};
			};
			buildConfigurationList = 3E17552E2AD6E318008A66E5 /* Build configuration list for PBXProject "DotReactionApp" */;
			compatibilityVersion = "Xcode 14.0";
			developmentRegion = en;
			hasScannedForEncodings = 0;
			knownRegions = (
				en,
				Base,
			);
			mainGroup = 3E17552A2AD6E318008A66E5;
			productRefGroup = 3E1755342AD6E318008A66E5 /* Products */;
			projectDirPath = "";
			projectRoot = "";
			targets = (
				3E1755322AD6E318008A66E5 /* DotReactionApp */,
			);
		};
/* End PBXProject section */

/* Begin PBXResourcesBuildPhase section */
		3E1755312AD6E318008A66E5 /* Resources */ = {
			isa = PBXResourcesBuildPhase;
			buildActionMask = 2147483647;
			files = (
				3E1755432AD6E319008A66E5 /* LaunchScreen.storyboard in Resources */,
				3E5CA6062AEAAF3600C32F72 /* rainbowArt.gif in Resources */,
				3E69281B2AE1720200B7D692 /* pixelArt.gif in Resources */,
				3E6928172AE16DE000B7D692 /* winSound.wav in Resources */,
				3EFDA2422AEBE5340029C7F8 /* Assets.xcassets in Resources */,
				3E6928132AE16AB300B7D692 /* gameMusic.wav in Resources */,
				3ECCF8322AE94E690099A857 /* winningTime.gif in Resources */,
				3E17553E2AD6E318008A66E5 /* Main.storyboard in Resources */,
				3E6928192AE16EE400B7D692 /* loseSound.wav in Resources */,
				3E5CA6042AEAAC1000C32F72 /* secretMusic.wav in Resources */,
			);
			runOnlyForDeploymentPostprocessing = 0;
		};
/* End PBXResourcesBuildPhase section */

/* Begin PBXSourcesBuildPhase section */
		3E17552F2AD6E318008A66E5 /* Sources */ = {
			isa = PBXSourcesBuildPhase;
			buildActionMask = 2147483647;
			files = (
				3E46844F2AE9803700209169 /* SecretViewController2.swift in Sources */,
				3E17553B2AD6E318008A66E5 /* ViewController.swift in Sources */,
				3E6928112AE169E900B7D692 /* PlaySound 2.swift in Sources */,
				3E1755372AD6E318008A66E5 /* AppDelegate.swift in Sources */,
				3E1755392AD6E318008A66E5 /* SceneDelegate.swift in Sources */,
				3ECCF8302AE94DEC0099A857 /* WinViewController.swift in Sources */,
				3E69281D2AE1727B00B7D692 /* Gif.swift in Sources */,
				3E54438B2AE7FDE100281D3A /* LoseViewController.swift in Sources */,
			);
			runOnlyForDeploymentPostprocessing = 0;
		};
/* End PBXSourcesBuildPhase section */

/* Begin PBXVariantGroup section */
		3E17553C2AD6E318008A66E5 /* Main.storyboard */ = {
			isa = PBXVariantGroup;
			children = (
				3E17553D2AD6E318008A66E5 /* Base */,
			);
			name = Main.storyboard;
			sourceTree = "<group>";
		};
		3E1755412AD6E319008A66E5 /* LaunchScreen.storyboard */ = {
			isa = PBXVariantGroup;
			children = (
				3E1755422AD6E319008A66E5 /* Base */,
			);
			name = LaunchScreen.storyboard;
			sourceTree = "<group>";
		};
/* End PBXVariantGroup section */

/* Begin XCBuildConfiguration section */
		3E1755452AD6E319008A66E5 /* Debug */ = {
			isa = XCBuildConfiguration;
			buildSettings = {
				ALWAYS_SEARCH_USER_PATHS = NO;
				ASSETCATALOG_COMPILER_GENERATE_SWIFT_ASSET_SYMBOL_EXTENSIONS = YES;
				CLANG_ANALYZER_NONNULL = YES;
				CLANG_ANALYZER_NUMBER_OBJECT_CONVERSION = YES_AGGRESSIVE;
				CLANG_CXX_LANGUAGE_STANDARD = "gnu++20";
				CLANG_ENABLE_MODULES = YES;
				CLANG_ENABLE_OBJC_ARC = YES;
				CLANG_ENABLE_OBJC_WEAK = YES;
				CLANG_WARN_BLOCK_CAPTURE_AUTORELEASING = YES;
				CLANG_WARN_BOOL_CONVERSION = YES;
				CLANG_WARN_COMMA = YES;
				CLANG_WARN_CONSTANT_CONVERSION = YES;
				CLANG_WARN_DEPRECATED_OBJC_IMPLEMENTATIONS = YES;
				CLANG_WARN_DIRECT_OBJC_ISA_USAGE = YES_ERROR;
				CLANG_WARN_DOCUMENTATION_COMMENTS = YES;
				CLANG_WARN_EMPTY_BODY = YES;
				CLANG_WARN_ENUM_CONVERSION = YES;
				CLANG_WARN_INFINITE_RECURSION = YES;
				CLANG_WARN_INT_CONVERSION = YES;
				CLANG_WARN_NON_LITERAL_NULL_CONVERSION = YES;
				CLANG_WARN_OBJC_IMPLICIT_RETAIN_SELF = YES;
				CLANG_WARN_OBJC_LITERAL_CONVERSION = YES;
				CLANG_WARN_OBJC_ROOT_CLASS = YES_ERROR;
				CLANG_WARN_QUOTED_INCLUDE_IN_FRAMEWORK_HEADER = YES;
				CLANG_WARN_RANGE_LOOP_ANALYSIS = YES;
				CLANG_WARN_STRICT_PROTOTYPES = YES;
				CLANG_WARN_SUSPICIOUS_MOVE = YES;
				CLANG_WARN_UNGUARDED_AVAILABILITY = YES_AGGRESSIVE;
				CLANG_WARN_UNREACHABLE_CODE = YES;
				CLANG_WARN__DUPLICATE_METHOD_MATCH = YES;
				COPY_PHASE_STRIP = NO;
				DEBUG_INFORMATION_FORMAT = dwarf;
				ENABLE_STRICT_OBJC_MSGSEND = YES;
				ENABLE_TESTABILITY = YES;
				ENABLE_USER_SCRIPT_SANDBOXING = YES;
				GCC_C_LANGUAGE_STANDARD = gnu17;
				GCC_DYNAMIC_NO_PIC = NO;
				GCC_NO_COMMON_BLOCKS = YES;
				GCC_OPTIMIZATION_LEVEL = 0;
				GCC_PREPROCESSOR_DEFINITIONS = (
					"DEBUG=1",
					"$(inherited)",
				);
				GCC_WARN_64_TO_32_BIT_CONVERSION = YES;
				GCC_WARN_ABOUT_RETURN_TYPE = YES_ERROR;
				GCC_WARN_UNDECLARED_SELECTOR = YES;
				GCC_WARN_UNINITIALIZED_AUTOS = YES_AGGRESSIVE;
				GCC_WARN_UNUSED_FUNCTION = YES;
				GCC_WARN_UNUSED_VARIABLE = YES;
				IPHONEOS_DEPLOYMENT_TARGET = 17.0;
				LOCALIZATION_PREFERS_STRING_CATALOGS = YES;
				MTL_ENABLE_DEBUG_INFO = INCLUDE_SOURCE;
				MTL_FAST_MATH = YES;
				ONLY_ACTIVE_ARCH = YES;
				SDKROOT = iphoneos;
				SWIFT_ACTIVE_COMPILATION_CONDITIONS = "DEBUG $(inherited)";
				SWIFT_OPTIMIZATION_LEVEL = "-Onone";
			};
			name = Debug;
		};
		3E1755462AD6E319008A66E5 /* Release */ = {
			isa = XCBuildConfiguration;
			buildSettings = {
				ALWAYS_SEARCH_USER_PATHS = NO;
				ASSETCATALOG_COMPILER_GENERATE_SWIFT_ASSET_SYMBOL_EXTENSIONS = YES;
				CLANG_ANALYZER_NONNULL = YES;
				CLANG_ANALYZER_NUMBER_OBJECT_CONVERSION = YES_AGGRESSIVE;
				CLANG_CXX_LANGUAGE_STANDARD = "gnu++20";
				CLANG_ENABLE_MODULES = YES;
				CLANG_ENABLE_OBJC_ARC = YES;
				CLANG_ENABLE_OBJC_WEAK = YES;
				CLANG_WARN_BLOCK_CAPTURE_AUTORELEASING = YES;
				CLANG_WARN_BOOL_CONVERSION = YES;
				CLANG_WARN_COMMA = YES;
				CLANG_WARN_CONSTANT_CONVERSION = YES;
				CLANG_WARN_DEPRECATED_OBJC_IMPLEMENTATIONS = YES;
				CLANG_WARN_DIRECT_OBJC_ISA_USAGE = YES_ERROR;
				CLANG_WARN_DOCUMENTATION_COMMENTS = YES;
				CLANG_WARN_EMPTY_BODY = YES;
				CLANG_WARN_ENUM_CONVERSION = YES;
				CLANG_WARN_INFINITE_RECURSION = YES;
				CLANG_WARN_INT_CONVERSION = YES;
				CLANG_WARN_NON_LITERAL_NULL_CONVERSION = YES;
				CLANG_WARN_OBJC_IMPLICIT_RETAIN_SELF = YES;
				CLANG_WARN_OBJC_LITERAL_CONVERSION = YES;
				CLANG_WARN_OBJC_ROOT_CLASS = YES_ERROR;
				CLANG_WARN_QUOTED_INCLUDE_IN_FRAMEWORK_HEADER = YES;
				CLANG_WARN_RANGE_LOOP_ANALYSIS = YES;
				CLANG_WARN_STRICT_PROTOTYPES = YES;
				CLANG_WARN_SUSPICIOUS_MOVE = YES;
				CLANG_WARN_UNGUARDED_AVAILABILITY = YES_AGGRESSIVE;
				CLANG_WARN_UNREACHABLE_CODE = YES;
				CLANG_WARN__DUPLICATE_METHOD_MATCH = YES;
				COPY_PHASE_STRIP = NO;
				DEBUG_INFORMATION_FORMAT = "dwarf-with-dsym";
				ENABLE_NS_ASSERTIONS = NO;
				ENABLE_STRICT_OBJC_MSGSEND = YES;
				ENABLE_USER_SCRIPT_SANDBOXING = YES;
				GCC_C_LANGUAGE_STANDARD = gnu17;
				GCC_NO_COMMON_BLOCKS = YES;
				GCC_WARN_64_TO_32_BIT_CONVERSION = YES;
				GCC_WARN_ABOUT_RETURN_TYPE = YES_ERROR;
				GCC_WARN_UNDECLARED_SELECTOR = YES;
				GCC_WARN_UNINITIALIZED_AUTOS = YES_AGGRESSIVE;
				GCC_WARN_UNUSED_FUNCTION = YES;
				GCC_WARN_UNUSED_VARIABLE = YES;
				IPHONEOS_DEPLOYMENT_TARGET = 17.0;
				LOCALIZATION_PREFERS_STRING_CATALOGS = YES;
				MTL_ENABLE_DEBUG_INFO = NO;
				MTL_FAST_MATH = YES;
				SDKROOT = iphoneos;
				SWIFT_COMPILATION_MODE = wholemodule;
				VALIDATE_PRODUCT = YES;
			};
			name = Release;
		};
		3E1755482AD6E319008A66E5 /* Debug */ = {
			isa = XCBuildConfiguration;
			buildSettings = {
				ASSETCATALOG_COMPILER_APPICON_NAME = AppIcon;
				ASSETCATALOG_COMPILER_GLOBAL_ACCENT_COLOR_NAME = AccentColor;
				CODE_SIGN_STYLE = Automatic;
				CURRENT_PROJECT_VERSION = 1;
				GENERATE_INFOPLIST_FILE = YES;
				INFOPLIST_FILE = DotReactionApp/Info.plist;
				INFOPLIST_KEY_UIApplicationSupportsIndirectInputEvents = YES;
				INFOPLIST_KEY_UILaunchStoryboardName = LaunchScreen;
				INFOPLIST_KEY_UIMainStoryboardFile = Main;
				INFOPLIST_KEY_UISupportedInterfaceOrientations_iPad = "UIInterfaceOrientationPortrait UIInterfaceOrientationPortraitUpsideDown UIInterfaceOrientationLandscapeLeft UIInterfaceOrientationLandscapeRight";
				INFOPLIST_KEY_UISupportedInterfaceOrientations_iPhone = "UIInterfaceOrientationPortrait UIInterfaceOrientationLandscapeLeft UIInterfaceOrientationLandscapeRight";
				LD_RUNPATH_SEARCH_PATHS = (
					"$(inherited)",
					"@executable_path/Frameworks",
				);
				MARKETING_VERSION = 1.0;
				PRODUCT_BUNDLE_IDENTIFIER = us.swcsd.helloworld.DotReactionApp;
				PRODUCT_NAME = "$(TARGET_NAME)";
				SWIFT_EMIT_LOC_STRINGS = YES;
				SWIFT_VERSION = 5.0;
				TARGETED_DEVICE_FAMILY = "1,2";
			};
			name = Debug;
		};
		3E1755492AD6E319008A66E5 /* Release */ = {
			isa = XCBuildConfiguration;
			buildSettings = {
				ASSETCATALOG_COMPILER_APPICON_NAME = AppIcon;
				ASSETCATALOG_COMPILER_GLOBAL_ACCENT_COLOR_NAME = AccentColor;
				CODE_SIGN_STYLE = Automatic;
				CURRENT_PROJECT_VERSION = 1;
				GENERATE_INFOPLIST_FILE = YES;
				INFOPLIST_FILE = DotReactionApp/Info.plist;
				INFOPLIST_KEY_UIApplicationSupportsIndirectInputEvents = YES;
				INFOPLIST_KEY_UILaunchStoryboardName = LaunchScreen;
				INFOPLIST_KEY_UIMainStoryboardFile = Main;
				INFOPLIST_KEY_UISupportedInterfaceOrientations_iPad = "UIInterfaceOrientationPortrait UIInterfaceOrientationPortraitUpsideDown UIInterfaceOrientationLandscapeLeft UIInterfaceOrientationLandscapeRight";
				INFOPLIST_KEY_UISupportedInterfaceOrientations_iPhone = "UIInterfaceOrientationPortrait UIInterfaceOrientationLandscapeLeft UIInterfaceOrientationLandscapeRight";
				LD_RUNPATH_SEARCH_PATHS = (
					"$(inherited)",
					"@executable_path/Frameworks",
				);
				MARKETING_VERSION = 1.0;
				PRODUCT_BUNDLE_IDENTIFIER = us.swcsd.helloworld.DotReactionApp;
				PRODUCT_NAME = "$(TARGET_NAME)";
				SWIFT_EMIT_LOC_STRINGS = YES;
				SWIFT_VERSION = 5.0;
				TARGETED_DEVICE_FAMILY = "1,2";
			};
			name = Release;
		};
/* End XCBuildConfiguration section */

/* Begin XCConfigurationList section */
		3E17552E2AD6E318008A66E5 /* Build configuration list for PBXProject "DotReactionApp" */ = {
			isa = XCConfigurationList;
			buildConfigurations = (
				3E1755452AD6E319008A66E5 /* Debug */,
				3E1755462AD6E319008A66E5 /* Release */,
			);
			defaultConfigurationIsVisible = 0;
			defaultConfigurationName = Release;
		};
		3E1755472AD6E319008A66E5 /* Build configuration list for PBXNativeTarget "DotReactionApp" */ = {
			isa = XCConfigurationList;
			buildConfigurations = (
				3E1755482AD6E319008A66E5 /* Debug */,
				3E1755492AD6E319008A66E5 /* Release */,
			);
			defaultConfigurationIsVisible = 0;
			defaultConfigurationName = Release;
		};
/* End XCConfigurationList section */
	};
	rootObject = 3E17552B2AD6E318008A66E5 /* Project object */;
}
